
Microsoft Visual Studio Solution File, Format Version 12.00
# Visual Studio Version 17
VisualStudioVersion = 17.13.35913.81
MinimumVisualStudioVersion = 10.0.40219.1
Project("{FAE04EC0-301F-11D3-BF4B-00C04F79EFBC}") = "TaskList.WebApi", "TaskList.WebApi\TaskList.WebApi.csproj", "{A8050B06-0093-45BB-B907-E769CEC05741}"
EndProject
Project("{FAE04EC0-301F-11D3-BF4B-00C04F79EFBC}") = "TaskList.WebApp", "TaskList.WebApp\TaskList.WebApp.csproj", "{92D07622-29FD-4CFB-AD6A-8DB01951071A}"
EndProject
Project("{2150E333-8FDC-42A3-9474-1A3956D46DE8}") = "Source", "Source", "{02EA681E-C7D8-13C7-8484-4AC65E1B71E8}"
EndProject
Project("{2150E333-8FDC-42A3-9474-1A3956D46DE8}") = "Tests", "Tests", "{29252FD2-4FDF-47FD-86FF-BDDDCF73B811}"
EndProject
Project("{2150E333-8FDC-42A3-9474-1A3956D46DE8}") = "Solution Items", "Solution Items", "{8EC462FD-D22E-90A8-E5CE-7E832BA40C5D}"
	ProjectSection(SolutionItems) = preProject
		.editorconfig = .editorconfig
		.gitignore = .gitignore
	EndProjectSection
EndProject
Project("{FAE04EC0-301F-11D3-BF4B-00C04F79EFBC}") = "TaskList.Domain", "TaskList.Domain\TaskList.Domain.csproj", "{FF36C924-B2CE-4E5C-B124-03BF63C00164}"
EndProject
Project("{FAE04EC0-301F-11D3-BF4B-00C04F79EFBC}") = "TaskList.Infrastructure", "TaskList.Infrastructure\TaskList.Infrastructure.csproj", "{552F8750-4445-455A-A4F2-2DBB47CC71B6}"
EndProject
Project("{FAE04EC0-301F-11D3-BF4B-00C04F79EFBC}") = "TaskList.WebApi.Tests", "TaskList.WebApi.Tests\TaskList.WebApi.Tests.csproj", "{EF9B09E7-BA8E-4C17-B1D8-89288FCF324E}"
EndProject
Project("{FAE04EC0-301F-11D3-BF4B-00C04F79EFBC}") = "TaskList.Infrastructure.Tests", "TaskList.Infrastructure.Tests\TaskList.Infrastructure.Tests.csproj", "{57BB2609-20D1-4AB3-B730-F6CA05FA1B98}"
EndProject
Global
	GlobalSection(SolutionConfigurationPlatforms) = preSolution
		Debug|Any CPU = Debug|Any CPU
		Release|Any CPU = Release|Any CPU
	EndGlobalSection
	GlobalSection(ProjectConfigurationPlatforms) = postSolution
		{A8050B06-0093-45BB-B907-E769CEC05741}.Debug|Any CPU.ActiveCfg = Debug|Any CPU
		{A8050B06-0093-45BB-B907-E769CEC05741}.Debug|Any CPU.Build.0 = Debug|Any CPU
		{A8050B06-0093-45BB-B907-E769CEC05741}.Release|Any CPU.ActiveCfg = Release|Any CPU
		{A8050B06-0093-45BB-B907-E769CEC05741}.Release|Any CPU.Build.0 = Release|Any CPU
		{92D07622-29FD-4CFB-AD6A-8DB01951071A}.Debug|Any CPU.ActiveCfg = Debug|Any CPU
		{92D07622-29FD-4CFB-AD6A-8DB01951071A}.Debug|Any CPU.Build.0 = Debug|Any CPU
		{92D07622-29FD-4CFB-AD6A-8DB01951071A}.Release|Any CPU.ActiveCfg = Release|Any CPU
		{92D07622-29FD-4CFB-AD6A-8DB01951071A}.Release|Any CPU.Build.0 = Release|Any CPU
		{FF36C924-B2CE-4E5C-B124-03BF63C00164}.Debug|Any CPU.ActiveCfg = Debug|Any CPU
		{FF36C924-B2CE-4E5C-B124-03BF63C00164}.Debug|Any CPU.Build.0 = Debug|Any CPU
		{FF36C924-B2CE-4E5C-B124-03BF63C00164}.Release|Any CPU.ActiveCfg = Release|Any CPU
		{FF36C924-B2CE-4E5C-B124-03BF63C00164}.Release|Any CPU.Build.0 = Release|Any CPU
		{552F8750-4445-455A-A4F2-2DBB47CC71B6}.Debug|Any CPU.ActiveCfg = Debug|Any CPU
		{552F8750-4445-455A-A4F2-2DBB47CC71B6}.Debug|Any CPU.Build.0 = Debug|Any CPU
		{552F8750-4445-455A-A4F2-2DBB47CC71B6}.Release|Any CPU.ActiveCfg = Release|Any CPU
		{552F8750-4445-455A-A4F2-2DBB47CC71B6}.Release|Any CPU.Build.0 = Release|Any CPU
		{EF9B09E7-BA8E-4C17-B1D8-89288FCF324E}.Debug|Any CPU.ActiveCfg = Debug|Any CPU
		{EF9B09E7-BA8E-4C17-B1D8-89288FCF324E}.Debug|Any CPU.Build.0 = Debug|Any CPU
		{EF9B09E7-BA8E-4C17-B1D8-89288FCF324E}.Release|Any CPU.ActiveCfg = Release|Any CPU
		{EF9B09E7-BA8E-4C17-B1D8-89288FCF324E}.Release|Any CPU.Build.0 = Release|Any CPU
		{57BB2609-20D1-4AB3-B730-F6CA05FA1B98}.Debug|Any CPU.ActiveCfg = Debug|Any CPU
		{57BB2609-20D1-4AB3-B730-F6CA05FA1B98}.Debug|Any CPU.Build.0 = Debug|Any CPU
		{57BB2609-20D1-4AB3-B730-F6CA05FA1B98}.Release|Any CPU.ActiveCfg = Release|Any CPU
		{57BB2609-20D1-4AB3-B730-F6CA05FA1B98}.Release|Any CPU.Build.0 = Release|Any CPU
	EndGlobalSection
	GlobalSection(SolutionProperties) = preSolution
		HideSolutionNode = FALSE
	EndGlobalSection
	GlobalSection(NestedProjects) = preSolution
		{A8050B06-0093-45BB-B907-E769CEC05741} = {02EA681E-C7D8-13C7-8484-4AC65E1B71E8}
		{92D07622-29FD-4CFB-AD6A-8DB01951071A} = {02EA681E-C7D8-13C7-8484-4AC65E1B71E8}
		{FF36C924-B2CE-4E5C-B124-03BF63C00164} = {02EA681E-C7D8-13C7-8484-4AC65E1B71E8}
		{552F8750-4445-455A-A4F2-2DBB47CC71B6} = {02EA681E-C7D8-13C7-8484-4AC65E1B71E8}
		{EF9B09E7-BA8E-4C17-B1D8-89288FCF324E} = {29252FD2-4FDF-47FD-86FF-BDDDCF73B811}
		{57BB2609-20D1-4AB3-B730-F6CA05FA1B98} = {29252FD2-4FDF-47FD-86FF-BDDDCF73B811}
	EndGlobalSection
	GlobalSection(ExtensibilityGlobals) = postSolution
		SolutionGuid = {FEA91F3F-F39F-4947-B7A4-966E3739EA1B}
	EndGlobalSection
EndGlobal
