
Microsoft Visual Studio Solution File, Format Version 12.00
# Visual Studio Version 17
VisualStudioVersion = 17.13.35913.81
MinimumVisualStudioVersion = 10.0.40219.1
Project("{FAE04EC0-301F-11D3-BF4B-00C04F79EFBC}") = "TaskList.Backend", "TaskList.Backend\TaskList.Backend.csproj", "{A8050B06-0093-45BB-B907-E769CEC05741}"
EndProject
Project("{FAE04EC0-301F-11D3-BF4B-00C04F79EFBC}") = "TaskList.Frontend", "TaskList.Frontend\TaskList.Frontend.csproj", "{92D07622-29FD-4CFB-AD6A-8DB01951071A}"
EndProject
Global
	GlobalSection(SolutionConfigurationPlatforms) = preSolution
		Debug|Any CPU = Debug|Any CPU
		Release|Any CPU = Release|Any CPU
	EndGlobalSection
	GlobalSection(ProjectConfigurationPlatforms) = postSolution
		{A8050B06-0093-45BB-B907-E769CEC05741}.Debug|Any CPU.ActiveCfg = Debug|Any CPU
		{A8050B06-0093-45BB-B907-E769CEC05741}.Debug|Any CPU.Build.0 = Debug|Any CPU
		{A8050B06-0093-45BB-B907-E769CEC05741}.Release|Any CPU.ActiveCfg = Release|Any CPU
		{A8050B06-0093-45BB-B907-E769CEC05741}.Release|Any CPU.Build.0 = Release|Any CPU
		{92D07622-29FD-4CFB-AD6A-8DB01951071A}.Debug|Any CPU.ActiveCfg = Debug|Any CPU
		{92D07622-29FD-4CFB-AD6A-8DB01951071A}.Debug|Any CPU.Build.0 = Debug|Any CPU
		{92D07622-29FD-4CFB-AD6A-8DB01951071A}.Release|Any CPU.ActiveCfg = Release|Any CPU
		{92D07622-29FD-4CFB-AD6A-8DB01951071A}.Release|Any CPU.Build.0 = Release|Any CPU
	EndGlobalSection
	GlobalSection(SolutionProperties) = preSolution
		HideSolutionNode = FALSE
	EndGlobalSection
	GlobalSection(ExtensibilityGlobals) = postSolution
		SolutionGuid = {FEA91F3F-F39F-4947-B7A4-966E3739EA1B}
	EndGlobalSection
EndGlobal
